Microsoft Visual Studio Solution File, Format Version 12.00
# Visual Studio Version 17
VisualStudioVersion = 17.5.2.0
MinimumVisualStudioVersion = 10.0.40219.1
Project("{FAE04EC0-301F-11D3-BF4B-00C04F79EFBC}") = "TodoListConsole", "TodoListConsole.csproj", "{033D7B2F-0393-EC72-4348-A7FDEB0398D4}"
EndProject
Global
	GlobalSection(SolutionConfigurationPlatforms) = preSolution
		Debug|Any CPU = Debug|Any CPU
		Release|Any CPU = Release|Any CPU
	EndGlobalSection
	GlobalSection(ProjectConfigurationPlatforms) = postSolution
		{033D7B2F-0393-EC72-4348-A7FDEB0398D4}.Debug|Any CPU.ActiveCfg = Debug|Any CPU
		{033D7B2F-0393-EC72-4348-A7FDEB0398D4}.Debug|Any CPU.Build.0 = Debug|Any CPU
		{033D7B2F-0393-EC72-4348-A7FDEB0398D4}.Release|Any CPU.ActiveCfg = Release|Any CPU
		{033D7B2F-0393-EC72-4348-A7FDEB0398D4}.Release|Any CPU.Build.0 = Release|Any CPU
	EndGlobalSection
	GlobalSection(SolutionProperties) = preSolution
		HideSolutionNode = FALSE
	EndGlobalSection
	GlobalSection(ExtensibilityGlobals) = postSolution
		SolutionGuid = {A1A46446-19A8-4AD4-94E9-DD449C9180B1}
	EndGlobalSection
EndGlobal
